
Microsoft Visual Studio Solution File, Format Version 12.00
# Visual Studio 15
VisualStudioVersion = 15.0.28307.705
MinimumVisualStudioVersion = 10.0.40219.1
Project("{2150E333-8FDC-42A3-9474-1A3956D46DE8}") = "API", "API", "{E528E01F-8EB4-475C-ABD8-2B3FE58F690F}"
EndProject
Project("{2150E333-8FDC-42A3-9474-1A3956D46DE8}") = "Business", "Business", "{FBDFE315-B8FE-4DCC-9F21-DE39EEE97D53}"
EndProject
Project("{2150E333-8FDC-42A3-9474-1A3956D46DE8}") = "Clients", "Clients", "{1D0B164A-0E7B-43C2-B586-F28A845B6C49}"
EndProject
Project("{2150E333-8FDC-42A3-9474-1A3956D46DE8}") = "DataAccess", "DataAccess", "{6016639D-D404-4209-8EA6-122466A7EDA7}"
EndProject
Project("{2150E333-8FDC-42A3-9474-1A3956D46DE8}") = "Database", "Database", "{078AAD91-AF9D-492D-AFA0-9564305A08EE}"
EndProject
Project("{2150E333-8FDC-42A3-9474-1A3956D46DE8}") = "Entities", "Entities", "{3217705F-512F-44E1-8E4C-36AF29A5152B}"
EndProject
Project("{FAE04EC0-301F-11D3-BF4B-00C04F79EFBC}") = "Memberships.Entity", "Entities\Memberships.Entity\Memberships.Entity.csproj", "{013B022C-A5B7-430A-93BE-CA2AA0868115}"
EndProject
Project("{2150E333-8FDC-42A3-9474-1A3956D46DE8}") = "Stored procedure", "Stored procedure", "{59EBE336-EBBD-4E9C-8CD1-8DFF2AD9F5BA}"
EndProject
Project("{2150E333-8FDC-42A3-9474-1A3956D46DE8}") = "Member", "Member", "{8D77F32B-EC58-47AA-823F-3E2C799E1991}"
	ProjectSection(SolutionItems) = preProject
		Database\Stored procedure\Member\sp_Memberships_Delete_Member_By_MemberID.sql = Database\Stored procedure\Member\sp_Memberships_Delete_Member_By_MemberID.sql
		Database\Stored procedure\Member\sp_Memberships_Insert_Member.sql = Database\Stored procedure\Member\sp_Memberships_Insert_Member.sql
		Database\Stored procedure\Member\sp_Memberships_Select_Member_By_MemberID.sql = Database\Stored procedure\Member\sp_Memberships_Select_Member_By_MemberID.sql
		Database\Stored procedure\Member\sp_Memberships_Select_Members_By_MemberName.sql = Database\Stored procedure\Member\sp_Memberships_Select_Members_By_MemberName.sql
		Database\Stored procedure\Member\sp_Memberships_Select_Num_Of_Members_By_MemberName.sql = Database\Stored procedure\Member\sp_Memberships_Select_Num_Of_Members_By_MemberName.sql
		Database\Stored procedure\Member\sp_Memberships_Update_Member.sql = Database\Stored procedure\Member\sp_Memberships_Update_Member.sql
	EndProjectSection
EndProject
Project("{2150E333-8FDC-42A3-9474-1A3956D46DE8}") = "MemberHistory", "MemberHistory", "{01286FBE-60F1-47AF-8A7E-A0F5E3A5CEDA}"
	ProjectSection(SolutionItems) = preProject
		Database\Stored procedure\MemberHistory\sp_Memberships_Insert_MemberHistory.sql = Database\Stored procedure\MemberHistory\sp_Memberships_Insert_MemberHistory.sql
		Database\Stored procedure\MemberHistory\sp_Memberships_Select_MemberHistories_By_FromToDate.sql = Database\Stored procedure\MemberHistory\sp_Memberships_Select_MemberHistories_By_FromToDate.sql
		Database\Stored procedure\MemberHistory\sp_Memberships_Select_MemberHistory_By_Sequence.sql = Database\Stored procedure\MemberHistory\sp_Memberships_Select_MemberHistory_By_Sequence.sql
	EndProjectSection
EndProject
Project("{2150E333-8FDC-42A3-9474-1A3956D46DE8}") = "Table creation", "Table creation", "{1A45503C-23F2-4532-A7A3-215628D8CAB5}"
	ProjectSection(SolutionItems) = preProject
		Database\Table creation\Create_Table_Queries.sql = Database\Table creation\Create_Table_Queries.sql
	EndProjectSection
EndProject
Project("{FAE04EC0-301F-11D3-BF4B-00C04F79EFBC}") = "Memberships.DataAccess", "DataAccess\Memberships.DataAccess\Memberships.DataAccess.csproj", "{91976E83-5EAE-4DE0-9CA9-83536AB2DE5B}"
EndProject
Project("{FAE04EC0-301F-11D3-BF4B-00C04F79EFBC}") = "Memberships.Business", "Business\Memberships.Business\Memberships.Business.csproj", "{DD5EB060-0A79-427E-B6A3-053A0E36E1DA}"
EndProject
Project("{FAE04EC0-301F-11D3-BF4B-00C04F79EFBC}") = "Memberships.Console", "Clients\Memberships.Console\Memberships.Console.csproj", "{A833E45C-0D36-49A8-834B-06481D3C9D26}"
EndProject
Project("{FAE04EC0-301F-11D3-BF4B-00C04F79EFBC}") = "Memberships.WebAPI", "API\Memberships.WebAPI\Memberships.WebAPI.csproj", "{1854A99B-1D17-4BEC-9364-5A1BFAE32386}"
EndProject
Global
	GlobalSection(SolutionConfigurationPlatforms) = preSolution
		Debug|Any CPU = Debug|Any CPU
		Release|Any CPU = Release|Any CPU
	EndGlobalSection
	GlobalSection(ProjectConfigurationPlatforms) = postSolution
		{013B022C-A5B7-430A-93BE-CA2AA0868115}.Debug|Any CPU.ActiveCfg = Debug|Any CPU
		{013B022C-A5B7-430A-93BE-CA2AA0868115}.Debug|Any CPU.Build.0 = Debug|Any CPU
		{013B022C-A5B7-430A-93BE-CA2AA0868115}.Release|Any CPU.ActiveCfg = Release|Any CPU
		{013B022C-A5B7-430A-93BE-CA2AA0868115}.Release|Any CPU.Build.0 = Release|Any CPU
		{91976E83-5EAE-4DE0-9CA9-83536AB2DE5B}.Debug|Any CPU.ActiveCfg = Debug|Any CPU
		{91976E83-5EAE-4DE0-9CA9-83536AB2DE5B}.Debug|Any CPU.Build.0 = Debug|Any CPU
		{91976E83-5EAE-4DE0-9CA9-83536AB2DE5B}.Release|Any CPU.ActiveCfg = Release|Any CPU
		{91976E83-5EAE-4DE0-9CA9-83536AB2DE5B}.Release|Any CPU.Build.0 = Release|Any CPU
		{DD5EB060-0A79-427E-B6A3-053A0E36E1DA}.Debug|Any CPU.ActiveCfg = Debug|Any CPU
		{DD5EB060-0A79-427E-B6A3-053A0E36E1DA}.Debug|Any CPU.Build.0 = Debug|Any CPU
		{DD5EB060-0A79-427E-B6A3-053A0E36E1DA}.Release|Any CPU.ActiveCfg = Release|Any CPU
		{DD5EB060-0A79-427E-B6A3-053A0E36E1DA}.Release|Any CPU.Build.0 = Release|Any CPU
		{A833E45C-0D36-49A8-834B-06481D3C9D26}.Debug|Any CPU.ActiveCfg = Debug|Any CPU
		{A833E45C-0D36-49A8-834B-06481D3C9D26}.Debug|Any CPU.Build.0 = Debug|Any CPU
		{A833E45C-0D36-49A8-834B-06481D3C9D26}.Release|Any CPU.ActiveCfg = Release|Any CPU
		{A833E45C-0D36-49A8-834B-06481D3C9D26}.Release|Any CPU.Build.0 = Release|Any CPU
		{1854A99B-1D17-4BEC-9364-5A1BFAE32386}.Debug|Any CPU.ActiveCfg = Debug|Any CPU
		{1854A99B-1D17-4BEC-9364-5A1BFAE32386}.Debug|Any CPU.Build.0 = Debug|Any CPU
		{1854A99B-1D17-4BEC-9364-5A1BFAE32386}.Release|Any CPU.ActiveCfg = Release|Any CPU
		{1854A99B-1D17-4BEC-9364-5A1BFAE32386}.Release|Any CPU.Build.0 = Release|Any CPU
	EndGlobalSection
	GlobalSection(SolutionProperties) = preSolution
		HideSolutionNode = FALSE
	EndGlobalSection
	GlobalSection(NestedProjects) = preSolution
		{013B022C-A5B7-430A-93BE-CA2AA0868115} = {3217705F-512F-44E1-8E4C-36AF29A5152B}
		{59EBE336-EBBD-4E9C-8CD1-8DFF2AD9F5BA} = {078AAD91-AF9D-492D-AFA0-9564305A08EE}
		{8D77F32B-EC58-47AA-823F-3E2C799E1991} = {59EBE336-EBBD-4E9C-8CD1-8DFF2AD9F5BA}
		{01286FBE-60F1-47AF-8A7E-A0F5E3A5CEDA} = {59EBE336-EBBD-4E9C-8CD1-8DFF2AD9F5BA}
		{1A45503C-23F2-4532-A7A3-215628D8CAB5} = {078AAD91-AF9D-492D-AFA0-9564305A08EE}
		{91976E83-5EAE-4DE0-9CA9-83536AB2DE5B} = {6016639D-D404-4209-8EA6-122466A7EDA7}
		{DD5EB060-0A79-427E-B6A3-053A0E36E1DA} = {FBDFE315-B8FE-4DCC-9F21-DE39EEE97D53}
		{A833E45C-0D36-49A8-834B-06481D3C9D26} = {1D0B164A-0E7B-43C2-B586-F28A845B6C49}
		{1854A99B-1D17-4BEC-9364-5A1BFAE32386} = {E528E01F-8EB4-475C-ABD8-2B3FE58F690F}
	EndGlobalSection
	GlobalSection(ExtensibilityGlobals) = postSolution
		SolutionGuid = {C7309BF3-9BB9-4EA5-BE9C-5385DCD96C16}
	EndGlobalSection
EndGlobal
